// !$*UTF8*$!
{
	archiveVersion = 1;
	classes = {
	};
	objectVersion = 55;
	objects = {

/* Begin PBXBuildFile section */
		6D6D6A7D77110CC4CF10279D /* Pods_Absavage_prototype.framework in Frameworks */ = {isa = PBXBuildFile; fileRef = 836439D1D6DB5B982FEB0E82 /* Pods_Absavage_prototype.framework */; };
		A555AC9928CA0C7300ACB2A1 /* AppDelegate.swift in Sources */ = {isa = PBXBuildFile; fileRef = A555AC9828CA0C7300ACB2A1 /* AppDelegate.swift */; };
		A555AC9B28CA0C7300ACB2A1 /* SceneDelegate.swift in Sources */ = {isa = PBXBuildFile; fileRef = A555AC9A28CA0C7300ACB2A1 /* SceneDelegate.swift */; };
		A555AC9D28CA0C7300ACB2A1 /* ViewController.swift in Sources */ = {isa = PBXBuildFile; fileRef = A555AC9C28CA0C7300ACB2A1 /* ViewController.swift */; };
		A555ACA228CA0C7400ACB2A1 /* Assets.xcassets in Resources */ = {isa = PBXBuildFile; fileRef = A555ACA128CA0C7400ACB2A1 /* Assets.xcassets */; };
		A555ACA528CA0C7400ACB2A1 /* LaunchScreen.storyboard in Resources */ = {isa = PBXBuildFile; fileRef = A555ACA328CA0C7400ACB2A1 /* LaunchScreen.storyboard */; };
		A555ACBB28CA110300ACB2A1 /* RangkingsViewController.swift in Sources */ = {isa = PBXBuildFile; fileRef = A555ACB928CA110300ACB2A1 /* RangkingsViewController.swift */; };
		A555ACBC28CA110300ACB2A1 /* RangkingsViewController.xib in Resources */ = {isa = PBXBuildFile; fileRef = A555ACBA28CA110300ACB2A1 /* RangkingsViewController.xib */; };
		A555ACBF28CA111100ACB2A1 /* LibraryViewController.swift in Sources */ = {isa = PBXBuildFile; fileRef = A555ACBD28CA111100ACB2A1 /* LibraryViewController.swift */; };
		A555ACC028CA111100ACB2A1 /* LibraryViewController.xib in Resources */ = {isa = PBXBuildFile; fileRef = A555ACBE28CA111100ACB2A1 /* LibraryViewController.xib */; };
		A555ACC328CA112200ACB2A1 /* ExploreViewController.swift in Sources */ = {isa = PBXBuildFile; fileRef = A555ACC128CA112200ACB2A1 /* ExploreViewController.swift */; };
		A555ACC428CA112200ACB2A1 /* ExploreViewController.xib in Resources */ = {isa = PBXBuildFile; fileRef = A555ACC228CA112200ACB2A1 /* ExploreViewController.xib */; };
		A555ACC728CA112F00ACB2A1 /* MyProgramViewController.swift in Sources */ = {isa = PBXBuildFile; fileRef = A555ACC528CA112F00ACB2A1 /* MyProgramViewController.swift */; };
		A555ACC828CA112F00ACB2A1 /* MyProgramViewController.xib in Resources */ = {isa = PBXBuildFile; fileRef = A555ACC628CA112F00ACB2A1 /* MyProgramViewController.xib */; };
		A555ACCA28CA11F000ACB2A1 /* DashboardTabBarController.swift in Sources */ = {isa = PBXBuildFile; fileRef = A555ACC928CA11F000ACB2A1 /* DashboardTabBarController.swift */; };
		A555ACCE28CA2D2600ACB2A1 /* PrimaryHeaderView.swift in Sources */ = {isa = PBXBuildFile; fileRef = A555ACCD28CA2D2600ACB2A1 /* PrimaryHeaderView.swift */; };
		A555ACD028CA2D3800ACB2A1 /* PrimaryHeaderView.xib in Resources */ = {isa = PBXBuildFile; fileRef = A555ACCF28CA2D3800ACB2A1 /* PrimaryHeaderView.xib */; };
		A555ACD328CA2E2100ACB2A1 /* Extension+UIView.swift in Sources */ = {isa = PBXBuildFile; fileRef = A555ACD228CA2E2100ACB2A1 /* Extension+UIView.swift */; };
		A555AE4728CA567300ACB2A1 /* Extension+UIFont.swift in Sources */ = {isa = PBXBuildFile; fileRef = A555AE4628CA567300ACB2A1 /* Extension+UIFont.swift */; };
		A555AE4A28CA5DD200ACB2A1 /* TuskerGrotesk-3600Semibold.ttf in Resources */ = {isa = PBXBuildFile; fileRef = A555AE4928CA5DD200ACB2A1 /* TuskerGrotesk-3600Semibold.ttf */; };
		A555AE4B28CA5DD600ACB2A1 /* MonumentExtended-Ultrabold.otf in Resources */ = {isa = PBXBuildFile; fileRef = A555AE4328CA55B600ACB2A1 /* MonumentExtended-Ultrabold.otf */; };
		A555AE4C28CA5DD800ACB2A1 /* MonumentExtended-Regular.otf in Resources */ = {isa = PBXBuildFile; fileRef = A555AE4428CA55B600ACB2A1 /* MonumentExtended-Regular.otf */; };
		A555AE4D28CA5DDA00ACB2A1 /* GraphikRegular.otf in Resources */ = {isa = PBXBuildFile; fileRef = A555AE4228CA55AD00ACB2A1 /* GraphikRegular.otf */; };
		A555AE4E28CA5DDD00ACB2A1 /* GraphikMedium.otf in Resources */ = {isa = PBXBuildFile; fileRef = A555AE4128CA55AD00ACB2A1 /* GraphikMedium.otf */; };
		A555AE5128CAEDD700ACB2A1 /* SecondaryHeaderView.swift in Sources */ = {isa = PBXBuildFile; fileRef = A555AE5028CAEDD700ACB2A1 /* SecondaryHeaderView.swift */; };
		A555AE5328CAEDF500ACB2A1 /* SecondaryHeaderView.xib in Resources */ = {isa = PBXBuildFile; fileRef = A555AE5228CAEDF500ACB2A1 /* SecondaryHeaderView.xib */; };
		A555AE5728CAFADB00ACB2A1 /* ExploreCollectionViewCell.swift in Sources */ = {isa = PBXBuildFile; fileRef = A555AE5528CAFADB00ACB2A1 /* ExploreCollectionViewCell.swift */; };
		A555AE5828CAFADB00ACB2A1 /* ExploreCollectionViewCell.xib in Resources */ = {isa = PBXBuildFile; fileRef = A555AE5628CAFADB00ACB2A1 /* ExploreCollectionViewCell.xib */; };
		A55D372328CE3F0C00DCAA5E /* LibraryTableViewCell.swift in Sources */ = {isa = PBXBuildFile; fileRef = A55D372128CE3F0C00DCAA5E /* LibraryTableViewCell.swift */; };
		A55D372428CE3F0C00DCAA5E /* LibraryTableViewCell.xib in Resources */ = {isa = PBXBuildFile; fileRef = A55D372228CE3F0C00DCAA5E /* LibraryTableViewCell.xib */; };
		A55D372728CE3F3300DCAA5E /* RoundedLabelView.swift in Sources */ = {isa = PBXBuildFile; fileRef = A55D372628CE3F3300DCAA5E /* RoundedLabelView.swift */; };
		A55D372928CE3F5500DCAA5E /* RoundedLabelView.xib in Resources */ = {isa = PBXBuildFile; fileRef = A55D372828CE3F5500DCAA5E /* RoundedLabelView.xib */; };
		A55D373228CF1FEF00DCAA5E /* MyProfileViewController.swift in Sources */ = {isa = PBXBuildFile; fileRef = A55D373028CF1FEF00DCAA5E /* MyProfileViewController.swift */; };
		A55D373328CF1FEF00DCAA5E /* MyProfileViewController.xib in Resources */ = {isa = PBXBuildFile; fileRef = A55D373128CF1FEF00DCAA5E /* MyProfileViewController.xib */; };
/* End PBXBuildFile section */

/* Begin PBXFileReference section */
		51835BCF6650F67E56D1A04A /* Pods-Absavage_prototype.release.xcconfig */ = {isa = PBXFileReference; includeInIndex = 1; lastKnownFileType = text.xcconfig; name = "Pods-Absavage_prototype.release.xcconfig"; path = "Target Support Files/Pods-Absavage_prototype/Pods-Absavage_prototype.release.xcconfig"; sourceTree = "<group>"; };
		836439D1D6DB5B982FEB0E82 /* Pods_Absavage_prototype.framework */ = {isa = PBXFileReference; explicitFileType = wrapper.framework; includeInIndex = 0; path = Pods_Absavage_prototype.framework; sourceTree = BUILT_PRODUCTS_DIR; };
		A555AC9528CA0C7300ACB2A1 /* Absavage_prototype.app */ = {isa = PBXFileReference; explicitFileType = wrapper.application; includeInIndex = 0; path = Absavage_prototype.app; sourceTree = BUILT_PRODUCTS_DIR; };
		A555AC9828CA0C7300ACB2A1 /* AppDelegate.swift */ = {isa = PBXFileReference; lastKnownFileType = sourcecode.swift; path = AppDelegate.swift; sourceTree = "<group>"; };
		A555AC9A28CA0C7300ACB2A1 /* SceneDelegate.swift */ = {isa = PBXFileReference; lastKnownFileType = sourcecode.swift; path = SceneDelegate.swift; sourceTree = "<group>"; };
		A555AC9C28CA0C7300ACB2A1 /* ViewController.swift */ = {isa = PBXFileReference; lastKnownFileType = sourcecode.swift; path = ViewController.swift; sourceTree = "<group>"; };
		A555ACA128CA0C7400ACB2A1 /* Assets.xcassets */ = {isa = PBXFileReference; lastKnownFileType = folder.assetcatalog; path = Assets.xcassets; sourceTree = "<group>"; };
		A555ACA428CA0C7400ACB2A1 /* Base */ = {isa = PBXFileReference; lastKnownFileType = file.storyboard; name = Base; path = Base.lproj/LaunchScreen.storyboard; sourceTree = "<group>"; };
		A555ACA628CA0C7400ACB2A1 /* Info.plist */ = {isa = PBXFileReference; lastKnownFileType = text.plist.xml; path = Info.plist; sourceTree = "<group>"; };
		A555ACB928CA110300ACB2A1 /* RangkingsViewController.swift */ = {isa = PBXFileReference; lastKnownFileType = sourcecode.swift; path = RangkingsViewController.swift; sourceTree = "<group>"; };
		A555ACBA28CA110300ACB2A1 /* RangkingsViewController.xib */ = {isa = PBXFileReference; lastKnownFileType = file.xib; path = RangkingsViewController.xib; sourceTree = "<group>"; };
		A555ACBD28CA111100ACB2A1 /* LibraryViewController.swift */ = {isa = PBXFileReference; lastKnownFileType = sourcecode.swift; path = LibraryViewController.swift; sourceTree = "<group>"; };
		A555ACBE28CA111100ACB2A1 /* LibraryViewController.xib */ = {isa = PBXFileReference; lastKnownFileType = file.xib; path = LibraryViewController.xib; sourceTree = "<group>"; };
		A555ACC128CA112200ACB2A1 /* ExploreViewController.swift */ = {isa = PBXFileReference; lastKnownFileType = sourcecode.swift; path = ExploreViewController.swift; sourceTree = "<group>"; wrapsLines = 0; };
		A555ACC228CA112200ACB2A1 /* ExploreViewController.xib */ = {isa = PBXFileReference; lastKnownFileType = file.xib; path = ExploreViewController.xib; sourceTree = "<group>"; };
		A555ACC528CA112F00ACB2A1 /* MyProgramViewController.swift */ = {isa = PBXFileReference; lastKnownFileType = sourcecode.swift; path = MyProgramViewController.swift; sourceTree = "<group>"; };
		A555ACC628CA112F00ACB2A1 /* MyProgramViewController.xib */ = {isa = PBXFileReference; lastKnownFileType = file.xib; path = MyProgramViewController.xib; sourceTree = "<group>"; };
		A555ACC928CA11F000ACB2A1 /* DashboardTabBarController.swift */ = {isa = PBXFileReference; lastKnownFileType = sourcecode.swift; path = DashboardTabBarController.swift; sourceTree = "<group>"; };
		A555ACCD28CA2D2600ACB2A1 /* PrimaryHeaderView.swift */ = {isa = PBXFileReference; lastKnownFileType = sourcecode.swift; path = PrimaryHeaderView.swift; sourceTree = "<group>"; };
		A555ACCF28CA2D3800ACB2A1 /* PrimaryHeaderView.xib */ = {isa = PBXFileReference; lastKnownFileType = file.xib; path = PrimaryHeaderView.xib; sourceTree = "<group>"; };
		A555ACD228CA2E2100ACB2A1 /* Extension+UIView.swift */ = {isa = PBXFileReference; lastKnownFileType = sourcecode.swift; path = "Extension+UIView.swift"; sourceTree = "<group>"; };
		A555AE4128CA55AD00ACB2A1 /* GraphikMedium.otf */ = {isa = PBXFileReference; lastKnownFileType = file; path = GraphikMedium.otf; sourceTree = "<group>"; };
		A555AE4228CA55AD00ACB2A1 /* GraphikRegular.otf */ = {isa = PBXFileReference; lastKnownFileType = file; path = GraphikRegular.otf; sourceTree = "<group>"; };
		A555AE4328CA55B600ACB2A1 /* MonumentExtended-Ultrabold.otf */ = {isa = PBXFileReference; lastKnownFileType = file; path = "MonumentExtended-Ultrabold.otf"; sourceTree = "<group>"; };
		A555AE4428CA55B600ACB2A1 /* MonumentExtended-Regular.otf */ = {isa = PBXFileReference; lastKnownFileType = file; path = "MonumentExtended-Regular.otf"; sourceTree = "<group>"; };
		A555AE4628CA567300ACB2A1 /* Extension+UIFont.swift */ = {isa = PBXFileReference; lastKnownFileType = sourcecode.swift; path = "Extension+UIFont.swift"; sourceTree = "<group>"; };
		A555AE4928CA5DD200ACB2A1 /* TuskerGrotesk-3600Semibold.ttf */ = {isa = PBXFileReference; lastKnownFileType = file; path = "TuskerGrotesk-3600Semibold.ttf"; sourceTree = "<group>"; };
		A555AE5028CAEDD700ACB2A1 /* SecondaryHeaderView.swift */ = {isa = PBXFileReference; lastKnownFileType = sourcecode.swift; path = SecondaryHeaderView.swift; sourceTree = "<group>"; };
		A555AE5228CAEDF500ACB2A1 /* SecondaryHeaderView.xib */ = {isa = PBXFileReference; lastKnownFileType = file.xib; path = SecondaryHeaderView.xib; sourceTree = "<group>"; };
		A555AE5528CAFADB00ACB2A1 /* ExploreCollectionViewCell.swift */ = {isa = PBXFileReference; lastKnownFileType = sourcecode.swift; path = ExploreCollectionViewCell.swift; sourceTree = "<group>"; };
		A555AE5628CAFADB00ACB2A1 /* ExploreCollectionViewCell.xib */ = {isa = PBXFileReference; lastKnownFileType = file.xib; path = ExploreCollectionViewCell.xib; sourceTree = "<group>"; };
		A55D372128CE3F0C00DCAA5E /* LibraryTableViewCell.swift */ = {isa = PBXFileReference; lastKnownFileType = sourcecode.swift; path = LibraryTableViewCell.swift; sourceTree = "<group>"; };
		A55D372228CE3F0C00DCAA5E /* LibraryTableViewCell.xib */ = {isa = PBXFileReference; lastKnownFileType = file.xib; path = LibraryTableViewCell.xib; sourceTree = "<group>"; };
		A55D372628CE3F3300DCAA5E /* RoundedLabelView.swift */ = {isa = PBXFileReference; lastKnownFileType = sourcecode.swift; path = RoundedLabelView.swift; sourceTree = "<group>"; };
		A55D372828CE3F5500DCAA5E /* RoundedLabelView.xib */ = {isa = PBXFileReference; lastKnownFileType = file.xib; path = RoundedLabelView.xib; sourceTree = "<group>"; };
		A55D373028CF1FEF00DCAA5E /* MyProfileViewController.swift */ = {isa = PBXFileReference; lastKnownFileType = sourcecode.swift; path = MyProfileViewController.swift; sourceTree = "<group>"; };
		A55D373128CF1FEF00DCAA5E /* MyProfileViewController.xib */ = {isa = PBXFileReference; lastKnownFileType = file.xib; path = MyProfileViewController.xib; sourceTree = "<group>"; };
		EE6159A211303CA82561AD50 /* Pods-Absavage_prototype.debug.xcconfig */ = {isa = PBXFileReference; includeInIndex = 1; lastKnownFileType = text.xcconfig; name = "Pods-Absavage_prototype.debug.xcconfig"; path = "Target Support Files/Pods-Absavage_prototype/Pods-Absavage_prototype.debug.xcconfig"; sourceTree = "<group>"; };
/* End PBXFileReference section */

/* Begin PBXFrameworksBuildPhase section */
		A555AC9228CA0C7300ACB2A1 /* Frameworks */ = {
			isa = PBXFrameworksBuildPhase;
			buildActionMask = 2147483647;
			files = (
				6D6D6A7D77110CC4CF10279D /* Pods_Absavage_prototype.framework in Frameworks */,
			);
			runOnlyForDeploymentPostprocessing = 0;
		};
/* End PBXFrameworksBuildPhase section */

/* Begin PBXGroup section */
		2AEB218F510B5B48AD11049F /* Frameworks */ = {
			isa = PBXGroup;
			children = (
				836439D1D6DB5B982FEB0E82 /* Pods_Absavage_prototype.framework */,
			);
			name = Frameworks;
			sourceTree = "<group>";
		};
		A555AC8C28CA0C7300ACB2A1 = {
			isa = PBXGroup;
			children = (
				A555AC9728CA0C7300ACB2A1 /* Absavage_prototype */,
				A555AC9628CA0C7300ACB2A1 /* Products */,
				FB2D9EAA600202B9B9F5B0AD /* Pods */,
				2AEB218F510B5B48AD11049F /* Frameworks */,
			);
			sourceTree = "<group>";
		};
		A555AC9628CA0C7300ACB2A1 /* Products */ = {
			isa = PBXGroup;
			children = (
				A555AC9528CA0C7300ACB2A1 /* Absavage_prototype.app */,
			);
			name = Products;
			sourceTree = "<group>";
		};
		A555AC9728CA0C7300ACB2A1 /* Absavage_prototype */ = {
			isa = PBXGroup;
			children = (
				A555ACD428CA53B900ACB2A1 /* Resources */,
				A555ACD128CA2E1500ACB2A1 /* Extensions */,
				A555ACCB28CA2CA800ACB2A1 /* CustomViews */,
				A555ACAC28CA0F5600ACB2A1 /* Screens */,
				A555AC9828CA0C7300ACB2A1 /* AppDelegate.swift */,
				A555AC9A28CA0C7300ACB2A1 /* SceneDelegate.swift */,
				A555AC9C28CA0C7300ACB2A1 /* ViewController.swift */,
				A555ACA128CA0C7400ACB2A1 /* Assets.xcassets */,
				A555ACA328CA0C7400ACB2A1 /* LaunchScreen.storyboard */,
				A555ACA628CA0C7400ACB2A1 /* Info.plist */,
			);
			path = Absavage_prototype;
			sourceTree = "<group>";
		};
		A555ACAC28CA0F5600ACB2A1 /* Screens */ = {
			isa = PBXGroup;
			children = (
				A55D372F28CF1FD500DCAA5E /* MyProfile */,
				A555ACAE28CA0F6300ACB2A1 /* Dashboard */,
				A555ACB228CA0FAF00ACB2A1 /* Rangkings */,
				A555ACB128CA0FAB00ACB2A1 /* Library */,
				A555ACB028CA0F9E00ACB2A1 /* Explore */,
				A555ACAF28CA0F9600ACB2A1 /* MyProgram */,
			);
			path = Screens;
			sourceTree = "<group>";
		};
		A555ACAE28CA0F6300ACB2A1 /* Dashboard */ = {
			isa = PBXGroup;
			children = (
				A555ACC928CA11F000ACB2A1 /* DashboardTabBarController.swift */,
			);
			path = Dashboard;
			sourceTree = "<group>";
		};
		A555ACAF28CA0F9600ACB2A1 /* MyProgram */ = {
			isa = PBXGroup;
			children = (
				A555ACC528CA112F00ACB2A1 /* MyProgramViewController.swift */,
				A555ACC628CA112F00ACB2A1 /* MyProgramViewController.xib */,
			);
			path = MyProgram;
			sourceTree = "<group>";
		};
		A555ACB028CA0F9E00ACB2A1 /* Explore */ = {
			isa = PBXGroup;
			children = (
				A555AE5428CAFABB00ACB2A1 /* CollectionViewCells */,
				A555ACC128CA112200ACB2A1 /* ExploreViewController.swift */,
				A555ACC228CA112200ACB2A1 /* ExploreViewController.xib */,
			);
			path = Explore;
			sourceTree = "<group>";
		};
		A555ACB128CA0FAB00ACB2A1 /* Library */ = {
			isa = PBXGroup;
			children = (
				A555ACBD28CA111100ACB2A1 /* LibraryViewController.swift */,
				A555ACBE28CA111100ACB2A1 /* LibraryViewController.xib */,
			);
			path = Library;
			sourceTree = "<group>";
		};
		A555ACB228CA0FAF00ACB2A1 /* Rangkings */ = {
			isa = PBXGroup;
			children = (
				A555ACB928CA110300ACB2A1 /* RangkingsViewController.swift */,
				A555ACBA28CA110300ACB2A1 /* RangkingsViewController.xib */,
			);
			path = Rangkings;
			sourceTree = "<group>";
		};
		A555ACCB28CA2CA800ACB2A1 /* CustomViews */ = {
			isa = PBXGroup;
			children = (
				A55D372528CE3F1600DCAA5E /* RoundedLabel */,
				A555AE4F28CAEDC800ACB2A1 /* SecondaryHeader */,
				A555ACCC28CA2D1600ACB2A1 /* PrimaryHeader */,
			);
			path = CustomViews;
			sourceTree = "<group>";
		};
		A555ACCC28CA2D1600ACB2A1 /* PrimaryHeader */ = {
			isa = PBXGroup;
			children = (
				A555ACCD28CA2D2600ACB2A1 /* PrimaryHeaderView.swift */,
				A555ACCF28CA2D3800ACB2A1 /* PrimaryHeaderView.xib */,
			);
			path = PrimaryHeader;
			sourceTree = "<group>";
		};
		A555ACD128CA2E1500ACB2A1 /* Extensions */ = {
			isa = PBXGroup;
			children = (
				A555ACD228CA2E2100ACB2A1 /* Extension+UIView.swift */,
				A555AE4628CA567300ACB2A1 /* Extension+UIFont.swift */,
			);
			path = Extensions;
			sourceTree = "<group>";
		};
		A555ACD428CA53B900ACB2A1 /* Resources */ = {
			isa = PBXGroup;
			children = (
				A555ACD528CA53BF00ACB2A1 /* CustomFonts */,
			);
			path = Resources;
			sourceTree = "<group>";
		};
		A555ACD528CA53BF00ACB2A1 /* CustomFonts */ = {
			isa = PBXGroup;
			children = (
				A555AE4128CA55AD00ACB2A1 /* GraphikMedium.otf */,
				A555AE4228CA55AD00ACB2A1 /* GraphikRegular.otf */,
				A555AE4428CA55B600ACB2A1 /* MonumentExtended-Regular.otf */,
				A555AE4328CA55B600ACB2A1 /* MonumentExtended-Ultrabold.otf */,
				A555AE4928CA5DD200ACB2A1 /* TuskerGrotesk-3600Semibold.ttf */,
			);
			path = CustomFonts;
			sourceTree = "<group>";
		};
		A555AE4F28CAEDC800ACB2A1 /* SecondaryHeader */ = {
			isa = PBXGroup;
			children = (
				A555AE5028CAEDD700ACB2A1 /* SecondaryHeaderView.swift */,
				A555AE5228CAEDF500ACB2A1 /* SecondaryHeaderView.xib */,
			);
			path = SecondaryHeader;
			sourceTree = "<group>";
		};
		A555AE5428CAFABB00ACB2A1 /* CollectionViewCells */ = {
			isa = PBXGroup;
			children = (
				A555AE5528CAFADB00ACB2A1 /* ExploreCollectionViewCell.swift */,
				A555AE5628CAFADB00ACB2A1 /* ExploreCollectionViewCell.xib */,
			);
			path = CollectionViewCells;
			sourceTree = "<group>";
		};
		A55D372028CE3EEC00DCAA5E /* TableViewCells */ = {
			isa = PBXGroup;
			children = (
				A55D372128CE3F0C00DCAA5E /* LibraryTableViewCell.swift */,
				A55D372228CE3F0C00DCAA5E /* LibraryTableViewCell.xib */,
			);
			path = TableViewCells;
			sourceTree = "<group>";
		};
		A55D372528CE3F1600DCAA5E /* RoundedLabel */ = {
			isa = PBXGroup;
			children = (
				A55D372628CE3F3300DCAA5E /* RoundedLabelView.swift */,
				A55D372828CE3F5500DCAA5E /* RoundedLabelView.xib */,
			);
			path = RoundedLabel;
			sourceTree = "<group>";
		};
		A55D372F28CF1FD500DCAA5E /* MyProfile */ = {
			isa = PBXGroup;
			children = (
				A55D372028CE3EEC00DCAA5E /* TableViewCells */,
				A55D373028CF1FEF00DCAA5E /* MyProfileViewController.swift */,
				A55D373128CF1FEF00DCAA5E /* MyProfileViewController.xib */,
			);
			path = MyProfile;
			sourceTree = "<group>";
		};
		FB2D9EAA600202B9B9F5B0AD /* Pods */ = {
			isa = PBXGroup;
			children = (
				EE6159A211303CA82561AD50 /* Pods-Absavage_prototype.debug.xcconfig */,
				51835BCF6650F67E56D1A04A /* Pods-Absavage_prototype.release.xcconfig */,
			);
			path = Pods;
			sourceTree = "<group>";
		};
/* End PBXGroup section */

/* Begin PBXNativeTarget section */
		A555AC9428CA0C7300ACB2A1 /* Absavage_prototype */ = {
			isa = PBXNativeTarget;
			buildConfigurationList = A555ACA928CA0C7400ACB2A1 /* Build configuration list for PBXNativeTarget "Absavage_prototype" */;
			buildPhases = (
				91C484D69C54BD5DA90A62E8 /* [CP] Check Pods Manifest.lock */,
				A555AC9128CA0C7300ACB2A1 /* Sources */,
				A555AC9228CA0C7300ACB2A1 /* Frameworks */,
				A555AC9328CA0C7300ACB2A1 /* Resources */,
				5596AA6680BFDAB74AA2B935 /* [CP] Embed Pods Frameworks */,
			);
			buildRules = (
			);
			dependencies = (
			);
			name = Absavage_prototype;
			productName = Absavage_prototype;
			productReference = A555AC9528CA0C7300ACB2A1 /* Absavage_prototype.app */;
			productType = "com.apple.product-type.application";
		};
/* End PBXNativeTarget section */

/* Begin PBXProject section */
		A555AC8D28CA0C7300ACB2A1 /* Project object */ = {
			isa = PBXProject;
			attributes = {
				BuildIndependentTargetsInParallel = 1;
				LastSwiftUpdateCheck = 1340;
				LastUpgradeCheck = 1340;
				TargetAttributes = {
					A555AC9428CA0C7300ACB2A1 = {
						CreatedOnToolsVersion = 13.4.1;
					};
				};
			};
			buildConfigurationList = A555AC9028CA0C7300ACB2A1 /* Build configuration list for PBXProject "Absavage_prototype" */;
			compatibilityVersion = "Xcode 13.0";
			developmentRegion = en;
			hasScannedForEncodings = 0;
			knownRegions = (
				en,
				Base,
			);
			mainGroup = A555AC8C28CA0C7300ACB2A1;
			productRefGroup = A555AC9628CA0C7300ACB2A1 /* Products */;
			projectDirPath = "";
			projectRoot = "";
			targets = (
				A555AC9428CA0C7300ACB2A1 /* Absavage_prototype */,
			);
		};
/* End PBXProject section */

/* Begin PBXResourcesBuildPhase section */
		A555AC9328CA0C7300ACB2A1 /* Resources */ = {
			isa = PBXResourcesBuildPhase;
			buildActionMask = 2147483647;
			files = (
				A555ACA528CA0C7400ACB2A1 /* LaunchScreen.storyboard in Resources */,
				A55D372928CE3F5500DCAA5E /* RoundedLabelView.xib in Resources */,
				A555ACC828CA112F00ACB2A1 /* MyProgramViewController.xib in Resources */,
				A55D372428CE3F0C00DCAA5E /* LibraryTableViewCell.xib in Resources */,
				A555ACA228CA0C7400ACB2A1 /* Assets.xcassets in Resources */,
				A55D373328CF1FEF00DCAA5E /* MyProfileViewController.xib in Resources */,
				A555ACD028CA2D3800ACB2A1 /* PrimaryHeaderView.xib in Resources */,
				A555AE5328CAEDF500ACB2A1 /* SecondaryHeaderView.xib in Resources */,
				A555AE4B28CA5DD600ACB2A1 /* MonumentExtended-Ultrabold.otf in Resources */,
				A555AE5828CAFADB00ACB2A1 /* ExploreCollectionViewCell.xib in Resources */,
				A555AE4A28CA5DD200ACB2A1 /* TuskerGrotesk-3600Semibold.ttf in Resources */,
				A555AE4C28CA5DD800ACB2A1 /* MonumentExtended-Regular.otf in Resources */,
				A555AE4D28CA5DDA00ACB2A1 /* GraphikRegular.otf in Resources */,
				A555ACC028CA111100ACB2A1 /* LibraryViewController.xib in Resources */,
				A555ACBC28CA110300ACB2A1 /* RangkingsViewController.xib in Resources */,
				A555ACC428CA112200ACB2A1 /* ExploreViewController.xib in Resources */,
				A555AE4E28CA5DDD00ACB2A1 /* GraphikMedium.otf in Resources */,
			);
			runOnlyForDeploymentPostprocessing = 0;
		};
/* End PBXResourcesBuildPhase section */

/* Begin PBXShellScriptBuildPhase section */
		5596AA6680BFDAB74AA2B935 /* [CP] Embed Pods Frameworks */ = {
			isa = PBXShellScriptBuildPhase;
			buildActionMask = 2147483647;
			files = (
			);
			inputFileListPaths = (
				"${PODS_ROOT}/Target Support Files/Pods-Absavage_prototype/Pods-Absavage_prototype-frameworks-${CONFIGURATION}-input-files.xcfilelist",
			);
			name = "[CP] Embed Pods Frameworks";
			outputFileListPaths = (
				"${PODS_ROOT}/Target Support Files/Pods-Absavage_prototype/Pods-Absavage_prototype-frameworks-${CONFIGURATION}-output-files.xcfilelist",
			);
			runOnlyForDeploymentPostprocessing = 0;
			shellPath = /bin/sh;
			shellScript = "\"${PODS_ROOT}/Target Support Files/Pods-Absavage_prototype/Pods-Absavage_prototype-frameworks.sh\"\n";
			showEnvVarsInLog = 0;
		};
		91C484D69C54BD5DA90A62E8 /* [CP] Check Pods Manifest.lock */ = {
			isa = PBXShellScriptBuildPhase;
			buildActionMask = 2147483647;
			files = (
			);
			inputFileListPaths = (
			);
			inputPaths = (
				"${PODS_PODFILE_DIR_PATH}/Podfile.lock",
				"${PODS_ROOT}/Manifest.lock",
			);
			name = "[CP] Check Pods Manifest.lock";
			outputFileListPaths = (
			);
			outputPaths = (
				"$(DERIVED_FILE_DIR)/Pods-Absavage_prototype-checkManifestLockResult.txt",
			);
			runOnlyForDeploymentPostprocessing = 0;
			shellPath = /bin/sh;
			shellScript = "diff \"${PODS_PODFILE_DIR_PATH}/Podfile.lock\" \"${PODS_ROOT}/Manifest.lock\" > /dev/null\nif [ $? != 0 ] ; then\n    # print error to STDERR\n    echo \"error: The sandbox is not in sync with the Podfile.lock. Run 'pod install' or update your CocoaPods installation.\" >&2\n    exit 1\nfi\n# This output is used by Xcode 'outputs' to avoid re-running this script phase.\necho \"SUCCESS\" > \"${SCRIPT_OUTPUT_FILE_0}\"\n";
			showEnvVarsInLog = 0;
		};
/* End PBXShellScriptBuildPhase section */

/* Begin PBXSourcesBuildPhase section */
		A555AC9128CA0C7300ACB2A1 /* Sources */ = {
			isa = PBXSourcesBuildPhase;
			buildActionMask = 2147483647;
			files = (
				A555ACBB28CA110300ACB2A1 /* RangkingsViewController.swift in Sources */,
				A55D372328CE3F0C00DCAA5E /* LibraryTableViewCell.swift in Sources */,
				A555AC9D28CA0C7300ACB2A1 /* ViewController.swift in Sources */,
				A555ACD328CA2E2100ACB2A1 /* Extension+UIView.swift in Sources */,
				A555AC9928CA0C7300ACB2A1 /* AppDelegate.swift in Sources */,
				A555ACCA28CA11F000ACB2A1 /* DashboardTabBarController.swift in Sources */,
				A55D372728CE3F3300DCAA5E /* RoundedLabelView.swift in Sources */,
				A555AE5128CAEDD700ACB2A1 /* SecondaryHeaderView.swift in Sources */,
				A555ACBF28CA111100ACB2A1 /* LibraryViewController.swift in Sources */,
				A555ACC728CA112F00ACB2A1 /* MyProgramViewController.swift in Sources */,
				A555ACC328CA112200ACB2A1 /* ExploreViewController.swift in Sources */,
				A555AC9B28CA0C7300ACB2A1 /* SceneDelegate.swift in Sources */,
				A555AE4728CA567300ACB2A1 /* Extension+UIFont.swift in Sources */,
				A555ACCE28CA2D2600ACB2A1 /* PrimaryHeaderView.swift in Sources */,
				A55D373228CF1FEF00DCAA5E /* MyProfileViewController.swift in Sources */,
				A555AE5728CAFADB00ACB2A1 /* ExploreCollectionViewCell.swift in Sources */,
			);
			runOnlyForDeploymentPostprocessing = 0;
		};
/* End PBXSourcesBuildPhase section */

/* Begin PBXVariantGroup section */
		A555ACA328CA0C7400ACB2A1 /* LaunchScreen.storyboard */ = {
			isa = PBXVariantGroup;
			children = (
				A555ACA428CA0C7400ACB2A1 /* Base */,
			);
			name = LaunchScreen.storyboard;
			sourceTree = "<group>";
		};
/* End PBXVariantGroup section */

/* Begin XCBuildConfiguration section */
		A555ACA728CA0C7400ACB2A1 /* Debug */ = {
			isa = XCBuildConfiguration;
			buildSettings = {
				ALWAYS_SEARCH_USER_PATHS = NO;
				CLANG_ANALYZER_NONNULL = YES;
				CLANG_ANALYZER_NUMBER_OBJECT_CONVERSION = YES_AGGRESSIVE;
				CLANG_CXX_LANGUAGE_STANDARD = "gnu++17";
				CLANG_ENABLE_MODULES = YES;
				CLANG_ENABLE_OBJC_ARC = YES;
				CLANG_ENABLE_OBJC_WEAK = YES;
				CLANG_WARN_BLOCK_CAPTURE_AUTORELEASING = YES;
				CLANG_WARN_BOOL_CONVERSION = YES;
				CLANG_WARN_COMMA = YES;
				CLANG_WARN_CONSTANT_CONVERSION = YES;
				CLANG_WARN_DEPRECATED_OBJC_IMPLEMENTATIONS = YES;
				CLANG_WARN_DIRECT_OBJC_ISA_USAGE = YES_ERROR;
				CLANG_WARN_DOCUMENTATION_COMMENTS = YES;
				CLANG_WARN_EMPTY_BODY = YES;
				CLANG_WARN_ENUM_CONVERSION = YES;
				CLANG_WARN_INFINITE_RECURSION = YES;
				CLANG_WARN_INT_CONVERSION = YES;
				CLANG_WARN_NON_LITERAL_NULL_CONVERSION = YES;
				CLANG_WARN_OBJC_IMPLICIT_RETAIN_SELF = YES;
				CLANG_WARN_OBJC_LITERAL_CONVERSION = YES;
				CLANG_WARN_OBJC_ROOT_CLASS = YES_ERROR;
				CLANG_WARN_QUOTED_INCLUDE_IN_FRAMEWORK_HEADER = YES;
				CLANG_WARN_RANGE_LOOP_ANALYSIS = YES;
				CLANG_WARN_STRICT_PROTOTYPES = YES;
				CLANG_WARN_SUSPICIOUS_MOVE = YES;
				CLANG_WARN_UNGUARDED_AVAILABILITY = YES_AGGRESSIVE;
				CLANG_WARN_UNREACHABLE_CODE = YES;
				CLANG_WARN__DUPLICATE_METHOD_MATCH = YES;
				COPY_PHASE_STRIP = NO;
				DEBUG_INFORMATION_FORMAT = dwarf;
				ENABLE_STRICT_OBJC_MSGSEND = YES;
				ENABLE_TESTABILITY = YES;
				GCC_C_LANGUAGE_STANDARD = gnu11;
				GCC_DYNAMIC_NO_PIC = NO;
				GCC_NO_COMMON_BLOCKS = YES;
				GCC_OPTIMIZATION_LEVEL = 0;
				GCC_PREPROCESSOR_DEFINITIONS = (
					"DEBUG=1",
					"$(inherited)",
				);
				GCC_WARN_64_TO_32_BIT_CONVERSION = YES;
				GCC_WARN_ABOUT_RETURN_TYPE = YES_ERROR;
				GCC_WARN_UNDECLARED_SELECTOR = YES;
				GCC_WARN_UNINITIALIZED_AUTOS = YES_AGGRESSIVE;
				GCC_WARN_UNUSED_FUNCTION = YES;
				GCC_WARN_UNUSED_VARIABLE = YES;
				IPHONEOS_DEPLOYMENT_TARGET = 15.5;
				MTL_ENABLE_DEBUG_INFO = INCLUDE_SOURCE;
				MTL_FAST_MATH = YES;
				ONLY_ACTIVE_ARCH = YES;
				SDKROOT = iphoneos;
				SWIFT_ACTIVE_COMPILATION_CONDITIONS = DEBUG;
				SWIFT_OPTIMIZATION_LEVEL = "-Onone";
			};
			name = Debug;
		};
		A555ACA828CA0C7400ACB2A1 /* Release */ = {
			isa = XCBuildConfiguration;
			buildSettings = {
				ALWAYS_SEARCH_USER_PATHS = NO;
				CLANG_ANALYZER_NONNULL = YES;
				CLANG_ANALYZER_NUMBER_OBJECT_CONVERSION = YES_AGGRESSIVE;
				CLANG_CXX_LANGUAGE_STANDARD = "gnu++17";
				CLANG_ENABLE_MODULES = YES;
				CLANG_ENABLE_OBJC_ARC = YES;
				CLANG_ENABLE_OBJC_WEAK = YES;
				CLANG_WARN_BLOCK_CAPTURE_AUTORELEASING = YES;
				CLANG_WARN_BOOL_CONVERSION = YES;
				CLANG_WARN_COMMA = YES;
				CLANG_WARN_CONSTANT_CONVERSION = YES;
				CLANG_WARN_DEPRECATED_OBJC_IMPLEMENTATIONS = YES;
				CLANG_WARN_DIRECT_OBJC_ISA_USAGE = YES_ERROR;
				CLANG_WARN_DOCUMENTATION_COMMENTS = YES;
				CLANG_WARN_EMPTY_BODY = YES;
				CLANG_WARN_ENUM_CONVERSION = YES;
				CLANG_WARN_INFINITE_RECURSION = YES;
				CLANG_WARN_INT_CONVERSION = YES;
				CLANG_WARN_NON_LITERAL_NULL_CONVERSION = YES;
				CLANG_WARN_OBJC_IMPLICIT_RETAIN_SELF = YES;
				CLANG_WARN_OBJC_LITERAL_CONVERSION = YES;
				CLANG_WARN_OBJC_ROOT_CLASS = YES_ERROR;
				CLANG_WARN_QUOTED_INCLUDE_IN_FRAMEWORK_HEADER = YES;
				CLANG_WARN_RANGE_LOOP_ANALYSIS = YES;
				CLANG_WARN_STRICT_PROTOTYPES = YES;
				CLANG_WARN_SUSPICIOUS_MOVE = YES;
				CLANG_WARN_UNGUARDED_AVAILABILITY = YES_AGGRESSIVE;
				CLANG_WARN_UNREACHABLE_CODE = YES;
				CLANG_WARN__DUPLICATE_METHOD_MATCH = YES;
				COPY_PHASE_STRIP = NO;
				DEBUG_INFORMATION_FORMAT = "dwarf-with-dsym";
				ENABLE_NS_ASSERTIONS = NO;
				ENABLE_STRICT_OBJC_MSGSEND = YES;
				GCC_C_LANGUAGE_STANDARD = gnu11;
				GCC_NO_COMMON_BLOCKS = YES;
				GCC_WARN_64_TO_32_BIT_CONVERSION = YES;
				GCC_WARN_ABOUT_RETURN_TYPE = YES_ERROR;
				GCC_WARN_UNDECLARED_SELECTOR = YES;
				GCC_WARN_UNINITIALIZED_AUTOS = YES_AGGRESSIVE;
				GCC_WARN_UNUSED_FUNCTION = YES;
				GCC_WARN_UNUSED_VARIABLE = YES;
				IPHONEOS_DEPLOYMENT_TARGET = 15.5;
				MTL_ENABLE_DEBUG_INFO = NO;
				MTL_FAST_MATH = YES;
				SDKROOT = iphoneos;
				SWIFT_COMPILATION_MODE = wholemodule;
				SWIFT_OPTIMIZATION_LEVEL = "-O";
				VALIDATE_PRODUCT = YES;
			};
			name = Release;
		};
		A555ACAA28CA0C7400ACB2A1 /* Debug */ = {
			isa = XCBuildConfiguration;
			baseConfigurationReference = EE6159A211303CA82561AD50 /* Pods-Absavage_prototype.debug.xcconfig */;
			buildSettings = {
				ASSETCATALOG_COMPILER_APPICON_NAME = AppIcon;
				ASSETCATALOG_COMPILER_GLOBAL_ACCENT_COLOR_NAME = AccentColor;
				CODE_SIGN_IDENTITY = "Apple Development";
				CODE_SIGN_STYLE = Automatic;
				CURRENT_PROJECT_VERSION = 1;
				DEVELOPMENT_TEAM = LR9373A784;
				GENERATE_INFOPLIST_FILE = YES;
				INFOPLIST_FILE = Absavage_prototype/Info.plist;
				INFOPLIST_KEY_UIApplicationSupportsIndirectInputEvents = YES;
				INFOPLIST_KEY_UILaunchStoryboardName = LaunchScreen;
				INFOPLIST_KEY_UISupportedInterfaceOrientations_iPad = "UIInterfaceOrientationPortrait UIInterfaceOrientationPortraitUpsideDown UIInterfaceOrientationLandscapeLeft UIInterfaceOrientationLandscapeRight";
				INFOPLIST_KEY_UISupportedInterfaceOrientations_iPhone = "UIInterfaceOrientationPortrait UIInterfaceOrientationLandscapeLeft UIInterfaceOrientationLandscapeRight";
				LD_RUNPATH_SEARCH_PATHS = (
					"$(inherited)",
					"@executable_path/Frameworks",
				);
				MARKETING_VERSION = 1.0;
				PRODUCT_BUNDLE_IDENTIFIER = "absavage.Absavage-prototype";
				PRODUCT_NAME = "$(TARGET_NAME)";
				PROVISIONING_PROFILE_SPECIFIER = "";
				SWIFT_EMIT_LOC_STRINGS = YES;
				SWIFT_VERSION = 5.0;
				TARGETED_DEVICE_FAMILY = "1,2";
			};
			name = Debug;
		};
		A555ACAB28CA0C7400ACB2A1 /* Release */ = {
			isa = XCBuildConfiguration;
			baseConfigurationReference = 51835BCF6650F67E56D1A04A /* Pods-Absavage_prototype.release.xcconfig */;
			buildSettings = {
				ASSETCATALOG_COMPILER_APPICON_NAME = AppIcon;
				ASSETCATALOG_COMPILER_GLOBAL_ACCENT_COLOR_NAME = AccentColor;
				CODE_SIGN_IDENTITY = "Apple Development";
				CODE_SIGN_STYLE = Automatic;
				CURRENT_PROJECT_VERSION = 1;
				DEVELOPMENT_TEAM = LR9373A784;
				GENERATE_INFOPLIST_FILE = YES;
				INFOPLIST_FILE = Absavage_prototype/Info.plist;
				INFOPLIST_KEY_UIApplicationSupportsIndirectInputEvents = YES;
				INFOPLIST_KEY_UILaunchStoryboardName = LaunchScreen;
				INFOPLIST_KEY_UISupportedInterfaceOrientations_iPad = "UIInterfaceOrientationPortrait UIInterfaceOrientationPortraitUpsideDown UIInterfaceOrientationLandscapeLeft UIInterfaceOrientationLandscapeRight";
				INFOPLIST_KEY_UISupportedInterfaceOrientations_iPhone = "UIInterfaceOrientationPortrait UIInterfaceOrientationLandscapeLeft UIInterfaceOrientationLandscapeRight";
				LD_RUNPATH_SEARCH_PATHS = (
					"$(inherited)",
					"@executable_path/Frameworks",
				);
				MARKETING_VERSION = 1.0;
				PRODUCT_BUNDLE_IDENTIFIER = "absavage.Absavage-prototype";
				PRODUCT_NAME = "$(TARGET_NAME)";
				PROVISIONING_PROFILE_SPECIFIER = "";
				SWIFT_EMIT_LOC_STRINGS = YES;
				SWIFT_VERSION = 5.0;
				TARGETED_DEVICE_FAMILY = "1,2";
			};
			name = Release;
		};
/* End XCBuildConfiguration section */

/* Begin XCConfigurationList section */
		A555AC9028CA0C7300ACB2A1 /* Build configuration list for PBXProject "Absavage_prototype" */ = {
			isa = XCConfigurationList;
			buildConfigurations = (
				A555ACA728CA0C7400ACB2A1 /* Debug */,
				A555ACA828CA0C7400ACB2A1 /* Release */,
			);
			defaultConfigurationIsVisible = 0;
			defaultConfigurationName = Release;
		};
		A555ACA928CA0C7400ACB2A1 /* Build configuration list for PBXNativeTarget "Absavage_prototype" */ = {
			isa = XCConfigurationList;
			buildConfigurations = (
				A555ACAA28CA0C7400ACB2A1 /* Debug */,
				A555ACAB28CA0C7400ACB2A1 /* Release */,
			);
			defaultConfigurationIsVisible = 0;
			defaultConfigurationName = Release;
		};
/* End XCConfigurationList section */
	};
	rootObject = A555AC8D28CA0C7300ACB2A1 /* Project object */;
}
